// !$*UTF8*$!
{
	archiveVersion = 1;
	classes = {
	};
	objectVersion = 51;
	objects = {

/* Begin PBXBuildFile section */
		648682A79F0BE0A8B62721E0 /* Pods_Github.framework in Frameworks */ = {isa = PBXBuildFile; fileRef = A05DCDCFD240E00096A4AEFC /* Pods_Github.framework */; };
		740CFF69BEB6D651C4E4F7F5 /* Pods_GithubTests.framework in Frameworks */ = {isa = PBXBuildFile; fileRef = 1F9B83E67F7E5D162230309A /* Pods_GithubTests.framework */; };
		D4B593BD24C5DA6000339C35 /* AppDelegate.swift in Sources */ = {isa = PBXBuildFile; fileRef = D4B593BC24C5DA6000339C35 /* AppDelegate.swift */; };
		D4B593C424C5DA6000339C35 /* Main.storyboard in Resources */ = {isa = PBXBuildFile; fileRef = D4B593C224C5DA6000339C35 /* Main.storyboard */; };
		D4B593C624C5DA6B00339C35 /* Assets.xcassets in Resources */ = {isa = PBXBuildFile; fileRef = D4B593C524C5DA6B00339C35 /* Assets.xcassets */; };
		D4B593C924C5DA6B00339C35 /* LaunchScreen.storyboard in Resources */ = {isa = PBXBuildFile; fileRef = D4B593C724C5DA6B00339C35 /* LaunchScreen.storyboard */; };
		D4B593D424C5DA6B00339C35 /* GithubTests.swift in Sources */ = {isa = PBXBuildFile; fileRef = D4B593D324C5DA6B00339C35 /* GithubTests.swift */; };
		D4B593E524C72D0700339C35 /* ViewController.swift in Sources */ = {isa = PBXBuildFile; fileRef = D4B593E424C72D0700339C35 /* ViewController.swift */; };
		D4B593E724C72D5800339C35 /* UserCollectionViewCell.swift in Sources */ = {isa = PBXBuildFile; fileRef = D4B593E624C72D5800339C35 /* UserCollectionViewCell.swift */; };
		D4B593EB24C72D7F00339C35 /* User.swift in Sources */ = {isa = PBXBuildFile; fileRef = D4B593EA24C72D7F00339C35 /* User.swift */; };
/* End PBXBuildFile section */

/* Begin PBXContainerItemProxy section */
		D4B593D024C5DA6B00339C35 /* PBXContainerItemProxy */ = {
			isa = PBXContainerItemProxy;
			containerPortal = D4B593B124C5DA6000339C35 /* Project object */;
			proxyType = 1;
			remoteGlobalIDString = D4B593B824C5DA6000339C35;
			remoteInfo = Github;
		};
/* End PBXContainerItemProxy section */

/* Begin PBXFileReference section */
		1F9B83E67F7E5D162230309A /* Pods_GithubTests.framework */ = {isa = PBXFileReference; explicitFileType = wrapper.framework; includeInIndex = 0; path = Pods_GithubTests.framework; sourceTree = BUILT_PRODUCTS_DIR; };
		2FD48E810B7823C12DDB5935 /* Pods-Github.debug.xcconfig */ = {isa = PBXFileReference; includeInIndex = 1; lastKnownFileType = text.xcconfig; name = "Pods-Github.debug.xcconfig"; path = "Target Support Files/Pods-Github/Pods-Github.debug.xcconfig"; sourceTree = "<group>"; };
		60B9FEB30B89F065A2B0AC28 /* Pods-GithubTests.release.xcconfig */ = {isa = PBXFileReference; includeInIndex = 1; lastKnownFileType = text.xcconfig; name = "Pods-GithubTests.release.xcconfig"; path = "Target Support Files/Pods-GithubTests/Pods-GithubTests.release.xcconfig"; sourceTree = "<group>"; };
		A05DCDCFD240E00096A4AEFC /* Pods_Github.framework */ = {isa = PBXFileReference; explicitFileType = wrapper.framework; includeInIndex = 0; path = Pods_Github.framework; sourceTree = BUILT_PRODUCTS_DIR; };
		B578B3CE7EA47DF4F815AE3E /* Pods-GithubTests.debug.xcconfig */ = {isa = PBXFileReference; includeInIndex = 1; lastKnownFileType = text.xcconfig; name = "Pods-GithubTests.debug.xcconfig"; path = "Target Support Files/Pods-GithubTests/Pods-GithubTests.debug.xcconfig"; sourceTree = "<group>"; };
		BFF5895E750BD4F9626C4ACA /* Pods-Github.release.xcconfig */ = {isa = PBXFileReference; includeInIndex = 1; lastKnownFileType = text.xcconfig; name = "Pods-Github.release.xcconfig"; path = "Target Support Files/Pods-Github/Pods-Github.release.xcconfig"; sourceTree = "<group>"; };
		D4B593B924C5DA6000339C35 /* Github.app */ = {isa = PBXFileReference; explicitFileType = wrapper.application; includeInIndex = 0; path = Github.app; sourceTree = BUILT_PRODUCTS_DIR; };
		D4B593BC24C5DA6000339C35 /* AppDelegate.swift */ = {isa = PBXFileReference; lastKnownFileType = sourcecode.swift; path = AppDelegate.swift; sourceTree = "<group>"; };
		D4B593C324C5DA6000339C35 /* Base */ = {isa = PBXFileReference; lastKnownFileType = file.storyboard; name = Base; path = Base.lproj/Main.storyboard; sourceTree = "<group>"; };
		D4B593C524C5DA6B00339C35 /* Assets.xcassets */ = {isa = PBXFileReference; lastKnownFileType = folder.assetcatalog; path = Assets.xcassets; sourceTree = "<group>"; };
		D4B593C824C5DA6B00339C35 /* Base */ = {isa = PBXFileReference; lastKnownFileType = file.storyboard; name = Base; path = Base.lproj/LaunchScreen.storyboard; sourceTree = "<group>"; };
		D4B593CA24C5DA6B00339C35 /* Info.plist */ = {isa = PBXFileReference; lastKnownFileType = text.plist.xml; path = Info.plist; sourceTree = "<group>"; };
		D4B593CF24C5DA6B00339C35 /* GithubTests.xctest */ = {isa = PBXFileReference; explicitFileType = wrapper.cfbundle; includeInIndex = 0; path = GithubTests.xctest; sourceTree = BUILT_PRODUCTS_DIR; };
		D4B593D324C5DA6B00339C35 /* GithubTests.swift */ = {isa = PBXFileReference; lastKnownFileType = sourcecode.swift; path = GithubTests.swift; sourceTree = "<group>"; };
		D4B593D524C5DA6B00339C35 /* Info.plist */ = {isa = PBXFileReference; lastKnownFileType = text.plist.xml; path = Info.plist; sourceTree = "<group>"; };
		D4B593E424C72D0700339C35 /* ViewController.swift */ = {isa = PBXFileReference; fileEncoding = 4; lastKnownFileType = sourcecode.swift; path = ViewController.swift; sourceTree = "<group>"; };
		D4B593E624C72D5800339C35 /* UserCollectionViewCell.swift */ = {isa = PBXFileReference; fileEncoding = 4; lastKnownFileType = sourcecode.swift; path = UserCollectionViewCell.swift; sourceTree = "<group>"; };
		D4B593EA24C72D7F00339C35 /* User.swift */ = {isa = PBXFileReference; fileEncoding = 4; lastKnownFileType = sourcecode.swift; path = User.swift; sourceTree = "<group>"; };
/* End PBXFileReference section */

/* Begin PBXFrameworksBuildPhase section */
		D4B593B624C5DA6000339C35 /* Frameworks */ = {
			isa = PBXFrameworksBuildPhase;
			buildActionMask = 2147483647;
			files = (
				648682A79F0BE0A8B62721E0 /* Pods_Github.framework in Frameworks */,
			);
			runOnlyForDeploymentPostprocessing = 0;
		};
		D4B593CC24C5DA6B00339C35 /* Frameworks */ = {
			isa = PBXFrameworksBuildPhase;
			buildActionMask = 2147483647;
			files = (
				740CFF69BEB6D651C4E4F7F5 /* Pods_GithubTests.framework in Frameworks */,
			);
			runOnlyForDeploymentPostprocessing = 0;
		};
/* End PBXFrameworksBuildPhase section */

/* Begin PBXGroup section */
		41DBD64D7BDCF2451E25FA79 /* Frameworks */ = {
			isa = PBXGroup;
			children = (
				A05DCDCFD240E00096A4AEFC /* Pods_Github.framework */,
				1F9B83E67F7E5D162230309A /* Pods_GithubTests.framework */,
			);
			name = Frameworks;
			sourceTree = "<group>";
		};
		701191A00A1339D08791B7F7 /* Pods */ = {
			isa = PBXGroup;
			children = (
				2FD48E810B7823C12DDB5935 /* Pods-Github.debug.xcconfig */,
				BFF5895E750BD4F9626C4ACA /* Pods-Github.release.xcconfig */,
				B578B3CE7EA47DF4F815AE3E /* Pods-GithubTests.debug.xcconfig */,
				60B9FEB30B89F065A2B0AC28 /* Pods-GithubTests.release.xcconfig */,
			);
			path = Pods;
			sourceTree = "<group>";
		};
		D4B593B024C5DA6000339C35 = {
			isa = PBXGroup;
			children = (
				D4B593BB24C5DA6000339C35 /* Github */,
				D4B593D224C5DA6B00339C35 /* GithubTests */,
				D4B593BA24C5DA6000339C35 /* Products */,
				701191A00A1339D08791B7F7 /* Pods */,
				41DBD64D7BDCF2451E25FA79 /* Frameworks */,
			);
			sourceTree = "<group>";
		};
		D4B593BA24C5DA6000339C35 /* Products */ = {
			isa = PBXGroup;
			children = (
				D4B593B924C5DA6000339C35 /* Github.app */,
				D4B593CF24C5DA6B00339C35 /* GithubTests.xctest */,
			);
			name = Products;
			sourceTree = "<group>";
		};
		D4B593BB24C5DA6000339C35 /* Github */ = {
			isa = PBXGroup;
			children = (
				D4B593BC24C5DA6000339C35 /* AppDelegate.swift */,
				D4B593E424C72D0700339C35 /* ViewController.swift */,
				D4B593EA24C72D7F00339C35 /* User.swift */,
				D4B593E624C72D5800339C35 /* UserCollectionViewCell.swift */,
				D4B593C224C5DA6000339C35 /* Main.storyboard */,
				D4B593C524C5DA6B00339C35 /* Assets.xcassets */,
				D4B593C724C5DA6B00339C35 /* LaunchScreen.storyboard */,
				D4B593CA24C5DA6B00339C35 /* Info.plist */,
			);
			path = Github;
			sourceTree = "<group>";
		};
		D4B593D224C5DA6B00339C35 /* GithubTests */ = {
			isa = PBXGroup;
			children = (
				D4B593D324C5DA6B00339C35 /* GithubTests.swift */,
				D4B593D524C5DA6B00339C35 /* Info.plist */,
			);
			path = GithubTests;
			sourceTree = "<group>";
		};
/* End PBXGroup section */

/* Begin PBXNativeTarget section */
		D4B593B824C5DA6000339C35 /* Github */ = {
			isa = PBXNativeTarget;
			buildConfigurationList = D4B593D824C5DA6C00339C35 /* Build configuration list for PBXNativeTarget "Github" */;
			buildPhases = (
				DDF196749F9A48780521DE87 /* [CP] Check Pods Manifest.lock */,
				D4B593B524C5DA6000339C35 /* Sources */,
				D4B593B624C5DA6000339C35 /* Frameworks */,
				D4B593B724C5DA6000339C35 /* Resources */,
				007DA4FF617E3275646FB4C7 /* [CP] Embed Pods Frameworks */,
			);
			buildRules = (
			);
			dependencies = (
			);
			name = Github;
			productName = Github;
			productReference = D4B593B924C5DA6000339C35 /* Github.app */;
			productType = "com.apple.product-type.application";
		};
		D4B593CE24C5DA6B00339C35 /* GithubTests */ = {
			isa = PBXNativeTarget;
			buildConfigurationList = D4B593DB24C5DA6C00339C35 /* Build configuration list for PBXNativeTarget "GithubTests" */;
			buildPhases = (
				192541AA4CE0D9087A258ADD /* [CP] Check Pods Manifest.lock */,
				D4B593CB24C5DA6B00339C35 /* Sources */,
				D4B593CC24C5DA6B00339C35 /* Frameworks */,
				D4B593CD24C5DA6B00339C35 /* Resources */,
			);
			buildRules = (
			);
			dependencies = (
				D4B593D124C5DA6B00339C35 /* PBXTargetDependency */,
			);
			name = GithubTests;
			productName = GithubTests;
			productReference = D4B593CF24C5DA6B00339C35 /* GithubTests.xctest */;
			productType = "com.apple.product-type.bundle.unit-test";
		};
/* End PBXNativeTarget section */

/* Begin PBXProject section */
		D4B593B124C5DA6000339C35 /* Project object */ = {
			isa = PBXProject;
			attributes = {
				LastSwiftUpdateCheck = 1160;
				LastUpgradeCheck = 1160;
				ORGANIZATIONNAME = Joey;
				TargetAttributes = {
					D4B593B824C5DA6000339C35 = {
						CreatedOnToolsVersion = 11.6;
					};
					D4B593CE24C5DA6B00339C35 = {
						CreatedOnToolsVersion = 11.6;
						TestTargetID = D4B593B824C5DA6000339C35;
					};
				};
			};
			buildConfigurationList = D4B593B424C5DA6000339C35 /* Build configuration list for PBXProject "Github" */;
			compatibilityVersion = "Xcode 9.3";
			developmentRegion = en;
			hasScannedForEncodings = 0;
			knownRegions = (
				en,
				Base,
			);
			mainGroup = D4B593B024C5DA6000339C35;
			productRefGroup = D4B593BA24C5DA6000339C35 /* Products */;
			projectDirPath = "";
			projectRoot = "";
			targets = (
				D4B593B824C5DA6000339C35 /* Github */,
				D4B593CE24C5DA6B00339C35 /* GithubTests */,
			);
		};
/* End PBXProject section */

/* Begin PBXResourcesBuildPhase section */
		D4B593B724C5DA6000339C35 /* Resources */ = {
			isa = PBXResourcesBuildPhase;
			buildActionMask = 2147483647;
			files = (
				D4B593C924C5DA6B00339C35 /* LaunchScreen.storyboard in Resources */,
				D4B593C624C5DA6B00339C35 /* Assets.xcassets in Resources */,
				D4B593C424C5DA6000339C35 /* Main.storyboard in Resources */,
			);
			runOnlyForDeploymentPostprocessing = 0;
		};
		D4B593CD24C5DA6B00339C35 /* Resources */ = {
			isa = PBXResourcesBuildPhase;
			buildActionMask = 2147483647;
			files = (
			);
			runOnlyForDeploymentPostprocessing = 0;
		};
/* End PBXResourcesBuildPhase section */

/* Begin PBXShellScriptBuildPhase section */
		007DA4FF617E3275646FB4C7 /* [CP] Embed Pods Frameworks */ = {
			isa = PBXShellScriptBuildPhase;
			buildActionMask = 2147483647;
			files = (
			);
			inputFileListPaths = (
				"${PODS_ROOT}/Target Support Files/Pods-Github/Pods-Github-frameworks-${CONFIGURATION}-input-files.xcfilelist",
			);
			name = "[CP] Embed Pods Frameworks";
			outputFileListPaths = (
				"${PODS_ROOT}/Target Support Files/Pods-Github/Pods-Github-frameworks-${CONFIGURATION}-output-files.xcfilelist",
			);
			runOnlyForDeploymentPostprocessing = 0;
			shellPath = /bin/sh;
			shellScript = "\"${PODS_ROOT}/Target Support Files/Pods-Github/Pods-Github-frameworks.sh\"\n";
			showEnvVarsInLog = 0;
		};
		192541AA4CE0D9087A258ADD /* [CP] Check Pods Manifest.lock */ = {
			isa = PBXShellScriptBuildPhase;
			buildActionMask = 2147483647;
			files = (
			);
			inputFileListPaths = (
			);
			inputPaths = (
				"${PODS_PODFILE_DIR_PATH}/Podfile.lock",
				"${PODS_ROOT}/Manifest.lock",
			);
			name = "[CP] Check Pods Manifest.lock";
			outputFileListPaths = (
			);
			outputPaths = (
				"$(DERIVED_FILE_DIR)/Pods-GithubTests-checkManifestLockResult.txt",
			);
			runOnlyForDeploymentPostprocessing = 0;
			shellPath = /bin/sh;
			shellScript = "diff \"${PODS_PODFILE_DIR_PATH}/Podfile.lock\" \"${PODS_ROOT}/Manifest.lock\" > /dev/null\nif [ $? != 0 ] ; then\n    # print error to STDERR\n    echo \"error: The sandbox is not in sync with the Podfile.lock. Run 'pod install' or update your CocoaPods installation.\" >&2\n    exit 1\nfi\n# This output is used by Xcode 'outputs' to avoid re-running this script phase.\necho \"SUCCESS\" > \"${SCRIPT_OUTPUT_FILE_0}\"\n";
			showEnvVarsInLog = 0;
		};
		DDF196749F9A48780521DE87 /* [CP] Check Pods Manifest.lock */ = {
			isa = PBXShellScriptBuildPhase;
			buildActionMask = 2147483647;
			files = (
			);
			inputFileListPaths = (
			);
			inputPaths = (
				"${PODS_PODFILE_DIR_PATH}/Podfile.lock",
				"${PODS_ROOT}/Manifest.lock",
			);
			name = "[CP] Check Pods Manifest.lock";
			outputFileListPaths = (
			);
			outputPaths = (
				"$(DERIVED_FILE_DIR)/Pods-Github-checkManifestLockResult.txt",
			);
			runOnlyForDeploymentPostprocessing = 0;
			shellPath = /bin/sh;
			shellScript = "diff \"${PODS_PODFILE_DIR_PATH}/Podfile.lock\" \"${PODS_ROOT}/Manifest.lock\" > /dev/null\nif [ $? != 0 ] ; then\n    # print error to STDERR\n    echo \"error: The sandbox is not in sync with the Podfile.lock. Run 'pod install' or update your CocoaPods installation.\" >&2\n    exit 1\nfi\n# This output is used by Xcode 'outputs' to avoid re-running this script phase.\necho \"SUCCESS\" > \"${SCRIPT_OUTPUT_FILE_0}\"\n";
			showEnvVarsInLog = 0;
		};
/* End PBXShellScriptBuildPhase section */

/* Begin PBXSourcesBuildPhase section */
		D4B593B524C5DA6000339C35 /* Sources */ = {
			isa = PBXSourcesBuildPhase;
			buildActionMask = 2147483647;
			files = (
				D4B593E724C72D5800339C35 /* UserCollectionViewCell.swift in Sources */,
				D4B593E524C72D0700339C35 /* ViewController.swift in Sources */,
				D4B593EB24C72D7F00339C35 /* User.swift in Sources */,
				D4B593BD24C5DA6000339C35 /* AppDelegate.swift in Sources */,
			);
			runOnlyForDeploymentPostprocessing = 0;
		};
		D4B593CB24C5DA6B00339C35 /* Sources */ = {
			isa = PBXSourcesBuildPhase;
			buildActionMask = 2147483647;
			files = (
				D4B593D424C5DA6B00339C35 /* GithubTests.swift in Sources */,
			);
			runOnlyForDeploymentPostprocessing = 0;
		};
/* End PBXSourcesBuildPhase section */

/* Begin PBXTargetDependency section */
		D4B593D124C5DA6B00339C35 /* PBXTargetDependency */ = {
			isa = PBXTargetDependency;
			target = D4B593B824C5DA6000339C35 /* Github */;
			targetProxy = D4B593D024C5DA6B00339C35 /* PBXContainerItemProxy */;
		};
/* End PBXTargetDependency section */

/* Begin PBXVariantGroup section */
		D4B593C224C5DA6000339C35 /* Main.storyboard */ = {
			isa = PBXVariantGroup;
			children = (
				D4B593C324C5DA6000339C35 /* Base */,
			);
			name = Main.storyboard;
			sourceTree = "<group>";
		};
		D4B593C724C5DA6B00339C35 /* LaunchScreen.storyboard */ = {
			isa = PBXVariantGroup;
			children = (
				D4B593C824C5DA6B00339C35 /* Base */,
			);
			name = LaunchScreen.storyboard;
			sourceTree = "<group>";
		};
/* End PBXVariantGroup section */

/* Begin XCBuildConfiguration section */
		D4B593D624C5DA6C00339C35 /* Debug */ = {
			isa = XCBuildConfiguration;
			buildSettings = {
				ALWAYS_SEARCH_USER_PATHS = NO;
				CLANG_ANALYZER_NONNULL = YES;
				CLANG_ANALYZER_NUMBER_OBJECT_CONVERSION = YES_AGGRESSIVE;
				CLANG_CXX_LANGUAGE_STANDARD = "gnu++14";
				CLANG_CXX_LIBRARY = "libc++";
				CLANG_ENABLE_MODULES = YES;
				CLANG_ENABLE_OBJC_ARC = YES;
				CLANG_ENABLE_OBJC_WEAK = YES;
				CLANG_WARN_BLOCK_CAPTURE_AUTORELEASING = YES;
				CLANG_WARN_BOOL_CONVERSION = YES;
				CLANG_WARN_COMMA = YES;
				CLANG_WARN_CONSTANT_CONVERSION = YES;
				CLANG_WARN_DEPRECATED_OBJC_IMPLEMENTATIONS = YES;
				CLANG_WARN_DIRECT_OBJC_ISA_USAGE = YES_ERROR;
				CLANG_WARN_DOCUMENTATION_COMMENTS = YES;
				CLANG_WARN_EMPTY_BODY = YES;
				CLANG_WARN_ENUM_CONVERSION = YES;
				CLANG_WARN_INFINITE_RECURSION = YES;
				CLANG_WARN_INT_CONVERSION = YES;
				CLANG_WARN_NON_LITERAL_NULL_CONVERSION = YES;
				CLANG_WARN_OBJC_IMPLICIT_RETAIN_SELF = YES;
				CLANG_WARN_OBJC_LITERAL_CONVERSION = YES;
				CLANG_WARN_OBJC_ROOT_CLASS = YES_ERROR;
				CLANG_WARN_RANGE_LOOP_ANALYSIS = YES;
				CLANG_WARN_STRICT_PROTOTYPES = YES;
				CLANG_WARN_SUSPICIOUS_MOVE = YES;
				CLANG_WARN_UNGUARDED_AVAILABILITY = YES_AGGRESSIVE;
				CLANG_WARN_UNREACHABLE_CODE = YES;
				CLANG_WARN__DUPLICATE_METHOD_MATCH = YES;
				COPY_PHASE_STRIP = NO;
				DEBUG_INFORMATION_FORMAT = dwarf;
				ENABLE_STRICT_OBJC_MSGSEND = YES;
				ENABLE_TESTABILITY = YES;
				GCC_C_LANGUAGE_STANDARD = gnu11;
				GCC_DYNAMIC_NO_PIC = NO;
				GCC_NO_COMMON_BLOCKS = YES;
				GCC_OPTIMIZATION_LEVEL = 0;
				GCC_PREPROCESSOR_DEFINITIONS = (
					"DEBUG=1",
					"$(inherited)",
				);
				GCC_WARN_64_TO_32_BIT_CONVERSION = YES;
				GCC_WARN_ABOUT_RETURN_TYPE = YES_ERROR;
				GCC_WARN_UNDECLARED_SELECTOR = YES;
				GCC_WARN_UNINITIALIZED_AUTOS = YES_AGGRESSIVE;
				GCC_WARN_UNUSED_FUNCTION = YES;
				GCC_WARN_UNUSED_VARIABLE = YES;
				IPHONEOS_DEPLOYMENT_TARGET = 13.6;
				MTL_ENABLE_DEBUG_INFO = INCLUDE_SOURCE;
				MTL_FAST_MATH = YES;
				ONLY_ACTIVE_ARCH = YES;
				SDKROOT = iphoneos;
				SWIFT_ACTIVE_COMPILATION_CONDITIONS = DEBUG;
				SWIFT_OPTIMIZATION_LEVEL = "-Onone";
			};
			name = Debug;
		};
		D4B593D724C5DA6C00339C35 /* Release */ = {
			isa = XCBuildConfiguration;
			buildSettings = {
				ALWAYS_SEARCH_USER_PATHS = NO;
				CLANG_ANALYZER_NONNULL = YES;
				CLANG_ANALYZER_NUMBER_OBJECT_CONVERSION = YES_AGGRESSIVE;
				CLANG_CXX_LANGUAGE_STANDARD = "gnu++14";
				CLANG_CXX_LIBRARY = "libc++";
				CLANG_ENABLE_MODULES = YES;
				CLANG_ENABLE_OBJC_ARC = YES;
				CLANG_ENABLE_OBJC_WEAK = YES;
				CLANG_WARN_BLOCK_CAPTURE_AUTORELEASING = YES;
				CLANG_WARN_BOOL_CONVERSION = YES;
				CLANG_WARN_COMMA = YES;
				CLANG_WARN_CONSTANT_CONVERSION = YES;
				CLANG_WARN_DEPRECATED_OBJC_IMPLEMENTATIONS = YES;
				CLANG_WARN_DIRECT_OBJC_ISA_USAGE = YES_ERROR;
				CLANG_WARN_DOCUMENTATION_COMMENTS = YES;
				CLANG_WARN_EMPTY_BODY = YES;
				CLANG_WARN_ENUM_CONVERSION = YES;
				CLANG_WARN_INFINITE_RECURSION = YES;
				CLANG_WARN_INT_CONVERSION = YES;
				CLANG_WARN_NON_LITERAL_NULL_CONVERSION = YES;
				CLANG_WARN_OBJC_IMPLICIT_RETAIN_SELF = YES;
				CLANG_WARN_OBJC_LITERAL_CONVERSION = YES;
				CLANG_WARN_OBJC_ROOT_CLASS = YES_ERROR;
				CLANG_WARN_RANGE_LOOP_ANALYSIS = YES;
				CLANG_WARN_STRICT_PROTOTYPES = YES;
				CLANG_WARN_SUSPICIOUS_MOVE = YES;
				CLANG_WARN_UNGUARDED_AVAILABILITY = YES_AGGRESSIVE;
				CLANG_WARN_UNREACHABLE_CODE = YES;
				CLANG_WARN__DUPLICATE_METHOD_MATCH = YES;
				COPY_PHASE_STRIP = NO;
				DEBUG_INFORMATION_FORMAT = "dwarf-with-dsym";
				ENABLE_NS_ASSERTIONS = NO;
				ENABLE_STRICT_OBJC_MSGSEND = YES;
				GCC_C_LANGUAGE_STANDARD = gnu11;
				GCC_NO_COMMON_BLOCKS = YES;
				GCC_WARN_64_TO_32_BIT_CONVERSION = YES;
				GCC_WARN_ABOUT_RETURN_TYPE = YES_ERROR;
				GCC_WARN_UNDECLARED_SELECTOR = YES;
				GCC_WARN_UNINITIALIZED_AUTOS = YES_AGGRESSIVE;
				GCC_WARN_UNUSED_FUNCTION = YES;
				GCC_WARN_UNUSED_VARIABLE = YES;
				IPHONEOS_DEPLOYMENT_TARGET = 13.6;
				MTL_ENABLE_DEBUG_INFO = NO;
				MTL_FAST_MATH = YES;
				SDKROOT = iphoneos;
				SWIFT_COMPILATION_MODE = wholemodule;
				SWIFT_OPTIMIZATION_LEVEL = "-O";
				VALIDATE_PRODUCT = YES;
			};
			name = Release;
		};
		D4B593D924C5DA6C00339C35 /* Debug */ = {
			isa = XCBuildConfiguration;
			baseConfigurationReference = 2FD48E810B7823C12DDB5935 /* Pods-Github.debug.xcconfig */;
			buildSettings = {
				ASSETCATALOG_COMPILER_APPICON_NAME = AppIcon;
				CODE_SIGN_STYLE = Automatic;
				INFOPLIST_FILE = Github/Info.plist;
				IPHONEOS_DEPLOYMENT_TARGET = 11.0;
				LD_RUNPATH_SEARCH_PATHS = (
					"$(inherited)",
					"@executable_path/Frameworks",
				);
				PRODUCT_BUNDLE_IDENTIFIER = joey.Github;
				PRODUCT_NAME = "$(TARGET_NAME)";
				SWIFT_VERSION = 5.0;
				TARGETED_DEVICE_FAMILY = "1,2";
			};
			name = Debug;
		};
		D4B593DA24C5DA6C00339C35 /* Release */ = {
			isa = XCBuildConfiguration;
			baseConfigurationReference = BFF5895E750BD4F9626C4ACA /* Pods-Github.release.xcconfig */;
			buildSettings = {
				ASSETCATALOG_COMPILER_APPICON_NAME = AppIcon;
				CODE_SIGN_STYLE = Automatic;
				INFOPLIST_FILE = Github/Info.plist;
				IPHONEOS_DEPLOYMENT_TARGET = 11.0;
				LD_RUNPATH_SEARCH_PATHS = (
					"$(inherited)",
					"@executable_path/Frameworks",
				);
				PRODUCT_BUNDLE_IDENTIFIER = joey.Github;
				PRODUCT_NAME = "$(TARGET_NAME)";
				SWIFT_VERSION = 5.0;
				TARGETED_DEVICE_FAMILY = "1,2";
			};
			name = Release;
		};
		D4B593DC24C5DA6C00339C35 /* Debug */ = {
			isa = XCBuildConfiguration;
			baseConfigurationReference = B578B3CE7EA47DF4F815AE3E /* Pods-GithubTests.debug.xcconfig */;
			buildSettings = {
				ALWAYS_EMBED_SWIFT_STANDARD_LIBRARIES = YES;
				BUNDLE_LOADER = "$(TEST_HOST)";
				CODE_SIGN_STYLE = Automatic;
				INFOPLIST_FILE = GithubTests/Info.plist;
				IPHONEOS_DEPLOYMENT_TARGET = 13.6;
				LD_RUNPATH_SEARCH_PATHS = (
					"$(inherited)",
					"@executable_path/Frameworks",
					"@loader_path/Frameworks",
				);
				PRODUCT_BUNDLE_IDENTIFIER = joey.GithubTests;
				PRODUCT_NAME = "$(TARGET_NAME)";
				SWIFT_VERSION = 5.0;
				TARGETED_DEVICE_FAMILY = "1,2";
				TEST_HOST = "$(BUILT_PRODUCTS_DIR)/Github.app/Github";
			};
			name = Debug;
		};
		D4B593DD24C5DA6C00339C35 /* Release */ = {
			isa = XCBuildConfiguration;
			baseConfigurationReference = 60B9FEB30B89F065A2B0AC28 /* Pods-GithubTests.release.xcconfig */;
			buildSettings = {
				ALWAYS_EMBED_SWIFT_STANDARD_LIBRARIES = YES;
				BUNDLE_LOADER = "$(TEST_HOST)";
				CODE_SIGN_STYLE = Automatic;
				INFOPLIST_FILE = GithubTests/Info.plist;
				IPHONEOS_DEPLOYMENT_TARGET = 13.6;
				LD_RUNPATH_SEARCH_PATHS = (
					"$(inherited)",
					"@executable_path/Frameworks",
					"@loader_path/Frameworks",
				);
				PRODUCT_BUNDLE_IDENTIFIER = joey.GithubTests;
				PRODUCT_NAME = "$(TARGET_NAME)";
				SWIFT_VERSION = 5.0;
				TARGETED_DEVICE_FAMILY = "1,2";
				TEST_HOST = "$(BUILT_PRODUCTS_DIR)/Github.app/Github";
			};
			name = Release;
		};
/* End XCBuildConfiguration section */

/* Begin XCConfigurationList section */
		D4B593B424C5DA6000339C35 /* Build configuration list for PBXProject "Github" */ = {
			isa = XCConfigurationList;
			buildConfigurations = (
				D4B593D624C5DA6C00339C35 /* Debug */,
				D4B593D724C5DA6C00339C35 /* Release */,
			);
			defaultConfigurationIsVisible = 0;
			defaultConfigurationName = Release;
		};
		D4B593D824C5DA6C00339C35 /* Build configuration list for PBXNativeTarget "Github" */ = {
			isa = XCConfigurationList;
			buildConfigurations = (
				D4B593D924C5DA6C00339C35 /* Debug */,
				D4B593DA24C5DA6C00339C35 /* Release */,
			);
			defaultConfigurationIsVisible = 0;
			defaultConfigurationName = Release;
		};
		D4B593DB24C5DA6C00339C35 /* Build configuration list for PBXNativeTarget "GithubTests" */ = {
			isa = XCConfigurationList;
			buildConfigurations = (
				D4B593DC24C5DA6C00339C35 /* Debug */,
				D4B593DD24C5DA6C00339C35 /* Release */,
			);
			defaultConfigurationIsVisible = 0;
			defaultConfigurationName = Release;
		};
/* End XCConfigurationList section */
	};
	rootObject = D4B593B124C5DA6000339C35 /* Project object */;
}
